
Microsoft Visual Studio Solution File, Format Version 12.00
# Visual Studio 14
VisualStudioVersion = 14.0.25420.1
MinimumVisualStudioVersion = 10.0.40219.1
Project("{FAE04EC0-301F-11D3-BF4B-00C04F79EFBC}") = "Mirrors", "Mirrors.csproj", "{6B35365D-F338-4B77-AA02-37090E3A92A7}"
EndProject
Project("{FAE04EC0-301F-11D3-BF4B-00C04F79EFBC}") = "UnitTestMirrors", "..\UnitTestMirrors\UnitTestMirrors.csproj", "{FEBE8E48-E502-4016-A932-2944C2369D3D}"
EndProject
Global
	GlobalSection(SolutionConfigurationPlatforms) = preSolution
		Debug|Any CPU = Debug|Any CPU
		Release|Any CPU = Release|Any CPU
	EndGlobalSection
	GlobalSection(ProjectConfigurationPlatforms) = postSolution
		{6B35365D-F338-4B77-AA02-37090E3A92A7}.Debug|Any CPU.ActiveCfg = Debug|Any CPU
		{6B35365D-F338-4B77-AA02-37090E3A92A7}.Debug|Any CPU.Build.0 = Debug|Any CPU
		{6B35365D-F338-4B77-AA02-37090E3A92A7}.Release|Any CPU.ActiveCfg = Release|Any CPU
		{6B35365D-F338-4B77-AA02-37090E3A92A7}.Release|Any CPU.Build.0 = Release|Any CPU
		{FEBE8E48-E502-4016-A932-2944C2369D3D}.Debug|Any CPU.ActiveCfg = Debug|Any CPU
		{FEBE8E48-E502-4016-A932-2944C2369D3D}.Debug|Any CPU.Build.0 = Debug|Any CPU
		{FEBE8E48-E502-4016-A932-2944C2369D3D}.Release|Any CPU.ActiveCfg = Release|Any CPU
		{FEBE8E48-E502-4016-A932-2944C2369D3D}.Release|Any CPU.Build.0 = Release|Any CPU
	EndGlobalSection
	GlobalSection(SolutionProperties) = preSolution
		HideSolutionNode = FALSE
	EndGlobalSection
EndGlobal
